
Microsoft Visual Studio Solution File, Format Version 12.00
# Visual Studio Version 17
VisualStudioVersion = 17.7.34202.233
MinimumVisualStudioVersion = 10.0.40219.1
Project("{FAE04EC0-301F-11D3-BF4B-00C04F79EFBC}") = "Practica_2 Unidad_4", "Practica_2 Unidad_4.csproj", "{79509B50-4274-4D39-A8EF-2509EE2B5F3C}"
EndProject
Global
	GlobalSection(SolutionConfigurationPlatforms) = preSolution
		Debug|Any CPU = Debug|Any CPU
		Release|Any CPU = Release|Any CPU
	EndGlobalSection
	GlobalSection(ProjectConfigurationPlatforms) = postSolution
		{79509B50-4274-4D39-A8EF-2509EE2B5F3C}.Debug|Any CPU.ActiveCfg = Debug|Any CPU
		{79509B50-4274-4D39-A8EF-2509EE2B5F3C}.Debug|Any CPU.Build.0 = Debug|Any CPU
		{79509B50-4274-4D39-A8EF-2509EE2B5F3C}.Release|Any CPU.ActiveCfg = Release|Any CPU
		{79509B50-4274-4D39-A8EF-2509EE2B5F3C}.Release|Any CPU.Build.0 = Release|Any CPU
	EndGlobalSection
	GlobalSection(SolutionProperties) = preSolution
		HideSolutionNode = FALSE
	EndGlobalSection
	GlobalSection(ExtensibilityGlobals) = postSolution
		SolutionGuid = {E89FEB28-91CD-45FF-BA86-E4A1BE55DA94}
	EndGlobalSection
EndGlobal
